{
  "name": "foliolum-site",
  "version": "1.0.0",
  "lockfileVersion": 2,
  "requires": true,
  "packages": {
    "": {
      "name": "foliolum-site",
      "version": "1.0.0",
      "license": "MIT",
      "dependencies": {
        "foliolum": "file:src/foliolum"
      }
    },
    "node_modules/foliolum": {
      "resolved": "src/foliolum",
      "link": true
    },
    "src/foliolum": {
      "version": "1.0.0",
      "license": "MIT"
    }
  },
  "dependencies": {
    "foliolum": {
      "version": "file:src/foliolum"
    }
  }
}
